{
  "name": "@mcptoolshop/shipcheck",
  "version": "1.0.6",
  "lockfileVersion": 3,
  "requires": true,
  "packages": {
    "": {
      "name": "@mcptoolshop/shipcheck",
      "version": "1.0.6",
      "license": "MIT",
      "bin": {
        "shipcheck": "bin/shipcheck.mjs"
      },
      "engines": {
        "node": ">=18.0.0"
      },
      "peerDependencies": {
        "@mcptoolshop/site-theme": ">=2.0.0"
      },
      "peerDependenciesMeta": {
        "@mcptoolshop/site-theme": {
          "optional": true
        }
      }
    }
  }
}
